
Microsoft Visual Studio Solution File, Format Version 12.00
# Visual Studio 15
VisualStudioVersion = 15.0.27703.2018
MinimumVisualStudioVersion = 10.0.40219.1
Project("{9A19103F-16F7-4668-BE54-9A1E7A4F7556}") = "Shared", "Shared\Shared.csproj", "{3EF92F64-B673-48E3-8F4B-B53F444CB931}"
EndProject
Project("{2150E333-8FDC-42A3-9474-1A3956D46DE8}") = "Solution Items", "Solution Items", "{DEB614DD-50A3-44E6-91F9-70F966D71B97}"
	ProjectSection(SolutionItems) = preProject
		generate-declaration.ps1 = generate-declaration.ps1
		generate-declaration.sh = generate-declaration.sh
		LICENSE = LICENSE
		README.md = README.md
	EndProjectSection
EndProject
Project("{2150E333-8FDC-42A3-9474-1A3956D46DE8}") = "Factory", "Factory", "{05B748FF-D9F6-4209-BA2B-5BAB5592DC64}"
EndProject
Project("{2150E333-8FDC-42A3-9474-1A3956D46DE8}") = "Schematics", "Schematics", "{4A77DC8E-B7A2-4094-9CD2-A4B945B28ECF}"
EndProject
Project("{2150E333-8FDC-42A3-9474-1A3956D46DE8}") = "Workbench", "Workbench", "{E3ED9340-10E2-4E59-BA26-4F29C2D5498D}"
EndProject
Project("{9A19103F-16F7-4668-BE54-9A1E7A4F7556}") = "Benchmarks", "Factory\Workbench\Benchmarks\Benchmarks.csproj", "{7F9B17D2-03E8-4E8C-B3CA-810F6AB6D9F5}"
EndProject
Project("{9A19103F-16F7-4668-BE54-9A1E7A4F7556}") = "Jigs", "Factory\Workbench\Jigs\Jigs.csproj", "{79B9A51B-A011-4DBC-9CDF-2CD8AC4266B6}"
EndProject
Project("{9A19103F-16F7-4668-BE54-9A1E7A4F7556}") = "Declaration.Generator", "Factory\Schematics\Declaration.Generator\Declaration.Generator.csproj", "{7C73BA95-58D1-4303-843F-120EBF2522F5}"
EndProject
Project("{9A19103F-16F7-4668-BE54-9A1E7A4F7556}") = "Declaration", "Factory\Schematics\Declaration\Declaration.csproj", "{49BF5A64-041E-4D4C-8005-2AE4461EA502}"
EndProject
Project("{9A19103F-16F7-4668-BE54-9A1E7A4F7556}") = "Generator", "Factory\Generator\Generator.csproj", "{7F975EFA-9526-43B0-8E5A-3D469D974BFD}"
EndProject
Project("{9A19103F-16F7-4668-BE54-9A1E7A4F7556}") = "Measurements", "Factory\Workbench\Measurements\Measurements.csproj", "{CF7C1FD2-782C-4D26-BD36-6377FA55D637}"
EndProject
Project("{FAE04EC0-301F-11D3-BF4B-00C04F79EFBC}") = "Database.Stack", "Database.Stack\Database.Stack.csproj", "{7596D721-ECA3-47B3-A81D-8F658F43AA88}"
EndProject
Project("{FAE04EC0-301F-11D3-BF4B-00C04F79EFBC}") = "Database.Migrations", "Database.Migrations\Database.Migrations.csproj", "{0ED6F27C-F489-4CA0-830F-6DA99FB711A6}"
EndProject
Project("{FAE04EC0-301F-11D3-BF4B-00C04F79EFBC}") = "Generator.Core", "Factory\Generator.Core\Generator.Core.csproj", "{C1456903-E9CA-4427-8A1E-F78CAC8F744C}"
EndProject
Global
	GlobalSection(SolutionConfigurationPlatforms) = preSolution
		Debug|Any CPU = Debug|Any CPU
		Release|Any CPU = Release|Any CPU
	EndGlobalSection
	GlobalSection(ProjectConfigurationPlatforms) = postSolution
		{3EF92F64-B673-48E3-8F4B-B53F444CB931}.Debug|Any CPU.ActiveCfg = Debug|Any CPU
		{3EF92F64-B673-48E3-8F4B-B53F444CB931}.Debug|Any CPU.Build.0 = Debug|Any CPU
		{3EF92F64-B673-48E3-8F4B-B53F444CB931}.Release|Any CPU.ActiveCfg = Release|Any CPU
		{3EF92F64-B673-48E3-8F4B-B53F444CB931}.Release|Any CPU.Build.0 = Release|Any CPU
		{7F9B17D2-03E8-4E8C-B3CA-810F6AB6D9F5}.Debug|Any CPU.ActiveCfg = Debug|Any CPU
		{7F9B17D2-03E8-4E8C-B3CA-810F6AB6D9F5}.Debug|Any CPU.Build.0 = Debug|Any CPU
		{7F9B17D2-03E8-4E8C-B3CA-810F6AB6D9F5}.Release|Any CPU.ActiveCfg = Release|Any CPU
		{7F9B17D2-03E8-4E8C-B3CA-810F6AB6D9F5}.Release|Any CPU.Build.0 = Release|Any CPU
		{79B9A51B-A011-4DBC-9CDF-2CD8AC4266B6}.Debug|Any CPU.ActiveCfg = Debug|Any CPU
		{79B9A51B-A011-4DBC-9CDF-2CD8AC4266B6}.Debug|Any CPU.Build.0 = Debug|Any CPU
		{79B9A51B-A011-4DBC-9CDF-2CD8AC4266B6}.Release|Any CPU.ActiveCfg = Release|Any CPU
		{79B9A51B-A011-4DBC-9CDF-2CD8AC4266B6}.Release|Any CPU.Build.0 = Release|Any CPU
		{7C73BA95-58D1-4303-843F-120EBF2522F5}.Debug|Any CPU.ActiveCfg = Debug|Any CPU
		{7C73BA95-58D1-4303-843F-120EBF2522F5}.Debug|Any CPU.Build.0 = Debug|Any CPU
		{7C73BA95-58D1-4303-843F-120EBF2522F5}.Release|Any CPU.ActiveCfg = Release|Any CPU
		{7C73BA95-58D1-4303-843F-120EBF2522F5}.Release|Any CPU.Build.0 = Release|Any CPU
		{49BF5A64-041E-4D4C-8005-2AE4461EA502}.Debug|Any CPU.ActiveCfg = Debug|Any CPU
		{49BF5A64-041E-4D4C-8005-2AE4461EA502}.Debug|Any CPU.Build.0 = Debug|Any CPU
		{49BF5A64-041E-4D4C-8005-2AE4461EA502}.Release|Any CPU.ActiveCfg = Release|Any CPU
		{49BF5A64-041E-4D4C-8005-2AE4461EA502}.Release|Any CPU.Build.0 = Release|Any CPU
		{7F975EFA-9526-43B0-8E5A-3D469D974BFD}.Debug|Any CPU.ActiveCfg = Debug|Any CPU
		{7F975EFA-9526-43B0-8E5A-3D469D974BFD}.Debug|Any CPU.Build.0 = Debug|Any CPU
		{7F975EFA-9526-43B0-8E5A-3D469D974BFD}.Release|Any CPU.ActiveCfg = Release|Any CPU
		{7F975EFA-9526-43B0-8E5A-3D469D974BFD}.Release|Any CPU.Build.0 = Release|Any CPU
		{CF7C1FD2-782C-4D26-BD36-6377FA55D637}.Debug|Any CPU.ActiveCfg = Debug|Any CPU
		{CF7C1FD2-782C-4D26-BD36-6377FA55D637}.Debug|Any CPU.Build.0 = Debug|Any CPU
		{CF7C1FD2-782C-4D26-BD36-6377FA55D637}.Release|Any CPU.ActiveCfg = Release|Any CPU
		{CF7C1FD2-782C-4D26-BD36-6377FA55D637}.Release|Any CPU.Build.0 = Release|Any CPU
		{7596D721-ECA3-47B3-A81D-8F658F43AA88}.Debug|Any CPU.ActiveCfg = Debug|Any CPU
		{7596D721-ECA3-47B3-A81D-8F658F43AA88}.Debug|Any CPU.Build.0 = Debug|Any CPU
		{7596D721-ECA3-47B3-A81D-8F658F43AA88}.Release|Any CPU.ActiveCfg = Release|Any CPU
		{7596D721-ECA3-47B3-A81D-8F658F43AA88}.Release|Any CPU.Build.0 = Release|Any CPU
		{0ED6F27C-F489-4CA0-830F-6DA99FB711A6}.Debug|Any CPU.ActiveCfg = Debug|Any CPU
		{0ED6F27C-F489-4CA0-830F-6DA99FB711A6}.Debug|Any CPU.Build.0 = Debug|Any CPU
		{0ED6F27C-F489-4CA0-830F-6DA99FB711A6}.Release|Any CPU.ActiveCfg = Release|Any CPU
		{0ED6F27C-F489-4CA0-830F-6DA99FB711A6}.Release|Any CPU.Build.0 = Release|Any CPU
		{C1456903-E9CA-4427-8A1E-F78CAC8F744C}.Debug|Any CPU.ActiveCfg = Debug|Any CPU
		{C1456903-E9CA-4427-8A1E-F78CAC8F744C}.Debug|Any CPU.Build.0 = Debug|Any CPU
		{C1456903-E9CA-4427-8A1E-F78CAC8F744C}.Release|Any CPU.ActiveCfg = Release|Any CPU
		{C1456903-E9CA-4427-8A1E-F78CAC8F744C}.Release|Any CPU.Build.0 = Release|Any CPU
	EndGlobalSection
	GlobalSection(SolutionProperties) = preSolution
		HideSolutionNode = FALSE
	EndGlobalSection
	GlobalSection(NestedProjects) = preSolution
		{4A77DC8E-B7A2-4094-9CD2-A4B945B28ECF} = {05B748FF-D9F6-4209-BA2B-5BAB5592DC64}
		{E3ED9340-10E2-4E59-BA26-4F29C2D5498D} = {05B748FF-D9F6-4209-BA2B-5BAB5592DC64}
		{7F9B17D2-03E8-4E8C-B3CA-810F6AB6D9F5} = {E3ED9340-10E2-4E59-BA26-4F29C2D5498D}
		{79B9A51B-A011-4DBC-9CDF-2CD8AC4266B6} = {E3ED9340-10E2-4E59-BA26-4F29C2D5498D}
		{7C73BA95-58D1-4303-843F-120EBF2522F5} = {4A77DC8E-B7A2-4094-9CD2-A4B945B28ECF}
		{49BF5A64-041E-4D4C-8005-2AE4461EA502} = {4A77DC8E-B7A2-4094-9CD2-A4B945B28ECF}
		{7F975EFA-9526-43B0-8E5A-3D469D974BFD} = {05B748FF-D9F6-4209-BA2B-5BAB5592DC64}
		{CF7C1FD2-782C-4D26-BD36-6377FA55D637} = {E3ED9340-10E2-4E59-BA26-4F29C2D5498D}
		{C1456903-E9CA-4427-8A1E-F78CAC8F744C} = {05B748FF-D9F6-4209-BA2B-5BAB5592DC64}
	EndGlobalSection
	GlobalSection(ExtensibilityGlobals) = postSolution
		SolutionGuid = {A8683393-4965-45E1-B6A8-48430077AE6B}
	EndGlobalSection
EndGlobal
